Microsoft Visual Studio Solution File, Format Version 12.00
# Visual Studio Version 17
VisualStudioVersion = 17.5.2.0
MinimumVisualStudioVersion = 10.0.40219.1
Project("{2150E333-8FDC-42A3-9474-1A3956D46DE8}") = "dotnet", "dotnet", "{71E6E750-85FD-B5BC-4321-E01377EC6231}"
EndProject
Project("{2150E333-8FDC-42A3-9474-1A3956D46DE8}") = "hrm", "hrm", "{111A4282-4D4C-1EA8-B512-51BE53DFDC8F}"
EndProject
Project("{FAE04EC0-301F-11D3-BF4B-00C04F79EFBC}") = "hrm", "dotnet\hrm\hrm\hrm.csproj", "{171FCE1D-984D-F9FF-7588-F053A9949299}"
EndProject
Global
	GlobalSection(SolutionConfigurationPlatforms) = preSolution
		Debug|Any CPU = Debug|Any CPU
		Release|Any CPU = Release|Any CPU
	EndGlobalSection
	GlobalSection(ProjectConfigurationPlatforms) = postSolution
		{171FCE1D-984D-F9FF-7588-F053A9949299}.Debug|Any CPU.ActiveCfg = Debug|Any CPU
		{171FCE1D-984D-F9FF-7588-F053A9949299}.Debug|Any CPU.Build.0 = Debug|Any CPU
		{171FCE1D-984D-F9FF-7588-F053A9949299}.Release|Any CPU.ActiveCfg = Release|Any CPU
		{171FCE1D-984D-F9FF-7588-F053A9949299}.Release|Any CPU.Build.0 = Release|Any CPU
	EndGlobalSection
	GlobalSection(SolutionProperties) = preSolution
		HideSolutionNode = FALSE
	EndGlobalSection
	GlobalSection(NestedProjects) = preSolution
		{111A4282-4D4C-1EA8-B512-51BE53DFDC8F} = {71E6E750-85FD-B5BC-4321-E01377EC6231}
		{171FCE1D-984D-F9FF-7588-F053A9949299} = {111A4282-4D4C-1EA8-B512-51BE53DFDC8F}
	EndGlobalSection
	GlobalSection(ExtensibilityGlobals) = postSolution
		SolutionGuid = {5DC7A03E-8508-4215-96B1-C393CD77FE09}
	EndGlobalSection
EndGlobal
