github.com/google/uuid v1.6.0 h1:NIvaJDMOsjHA8n1jAhLSgzrAzy1Hgr+hNrb57e+94F0=
github.com/google/uuid v1.6.0/go.mod h1:TIyPZe4MgqvfeYDBFedMoGGpEw/LqOeaOT+nhxU+yHo=
github.com/vn-go/wx v0.1.31 h1:RZkOl9BuTdWF+XDkGfMMO355F/xDI7en4KHP9Ce9YFc=
github.com/vn-go/wx v0.1.31/go.mod h1:2Q3IFOT4GcDGQLiTbII8OvkK863fpLia+UnF1szgQc8=
